Microsoft Visual Studio Solution File, Format Version 12.00
# Visual Studio Version 17
VisualStudioVersion = 17.5.2.0
MinimumVisualStudioVersion = 10.0.40219.1
Project("{FAE04EC0-301F-11D3-BF4B-00C04F79EFBC}") = "BankLink.Api", "BankLink.Api.csproj", "{26D7E51B-A63A-94BC-FBBD-A8BB334AF95A}"
EndProject
Global
	GlobalSection(SolutionConfigurationPlatforms) = preSolution
		Debug|Any CPU = Debug|Any CPU
		Release|Any CPU = Release|Any CPU
	EndGlobalSection
	GlobalSection(ProjectConfigurationPlatforms) = postSolution
		{26D7E51B-A63A-94BC-FBBD-A8BB334AF95A}.Debug|Any CPU.ActiveCfg = Debug|Any CPU
		{26D7E51B-A63A-94BC-FBBD-A8BB334AF95A}.Debug|Any CPU.Build.0 = Debug|Any CPU
		{26D7E51B-A63A-94BC-FBBD-A8BB334AF95A}.Release|Any CPU.ActiveCfg = Release|Any CPU
		{26D7E51B-A63A-94BC-FBBD-A8BB334AF95A}.Release|Any CPU.Build.0 = Release|Any CPU
	EndGlobalSection
	GlobalSection(SolutionProperties) = preSolution
		HideSolutionNode = FALSE
	EndGlobalSection
	GlobalSection(ExtensibilityGlobals) = postSolution
		SolutionGuid = {D3B57466-EA7A-4584-8D1C-8B40DDB8E27F}
	EndGlobalSection
EndGlobal
